
Microsoft Visual Studio Solution File, Format Version 12.00
# Visual Studio Version 16
VisualStudioVersion = 16.0.31205.134
MinimumVisualStudioVersion = 10.0.40219.1
Project("{9A19103F-16F7-4668-BE54-9A1E7A4F7556}") = "EmployeeDirectory", "Employee Directory\EmployeeDirectory.csproj", "{4C3B1ED5-D142-4F89-BFBF-43AC4D8DA7FF}"
EndProject
Project("{9A19103F-16F7-4668-BE54-9A1E7A4F7556}") = "EmployeeDirectory.Services", "Employee_Directory.Services\EmployeeDirectory.Services.csproj", "{D8DBD7DE-CD1F-4DE9-98B8-D00CF680772B}"
EndProject
Project("{9A19103F-16F7-4668-BE54-9A1E7A4F7556}") = "EmployeeDirectory.DataModels", "Employee_Directory.Models\EmployeeDirectory.DataModels.csproj", "{F56E5F64-05A8-43CA-A547-749673397E97}"
EndProject
Project("{9A19103F-16F7-4668-BE54-9A1E7A4F7556}") = "EmployeeDirectory.Contracts", "Employee_Directory.Contracts\EmployeeDirectory.Contracts.csproj", "{05065B54-D499-44B3-8D25-A050F1E58B4B}"
EndProject
Project("{9A19103F-16F7-4668-BE54-9A1E7A4F7556}") = "EmployeeDirectory.Auth", "EmployeeDirectoryAuth\EmployeeDirectory.Auth.csproj", "{52C59ECF-BAA2-4C7C-AD1C-7AC27CB2DE45}"
EndProject
Project("{9A19103F-16F7-4668-BE54-9A1E7A4F7556}") = "EmployeeDirectory.WebApi", "WebApi\EmployeeDirectory.WebApi.csproj", "{DCAE5D51-5B64-4965-BF2E-AB086F8A813C}"
EndProject
Project("{FAE04EC0-301F-11D3-BF4B-00C04F79EFBC}") = "EmployeeDirectory.Models", "EmployeeDirectory.Models\EmployeeDirectory.Models.csproj", "{36464B8A-9239-440C-873B-13818A750218}"
EndProject
Global
	GlobalSection(SolutionConfigurationPlatforms) = preSolution
		Debug|Any CPU = Debug|Any CPU
		Release|Any CPU = Release|Any CPU
	EndGlobalSection
	GlobalSection(ProjectConfigurationPlatforms) = postSolution
		{4C3B1ED5-D142-4F89-BFBF-43AC4D8DA7FF}.Debug|Any CPU.ActiveCfg = Debug|Any CPU
		{4C3B1ED5-D142-4F89-BFBF-43AC4D8DA7FF}.Debug|Any CPU.Build.0 = Debug|Any CPU
		{4C3B1ED5-D142-4F89-BFBF-43AC4D8DA7FF}.Release|Any CPU.ActiveCfg = Release|Any CPU
		{4C3B1ED5-D142-4F89-BFBF-43AC4D8DA7FF}.Release|Any CPU.Build.0 = Release|Any CPU
		{D8DBD7DE-CD1F-4DE9-98B8-D00CF680772B}.Debug|Any CPU.ActiveCfg = Debug|Any CPU
		{D8DBD7DE-CD1F-4DE9-98B8-D00CF680772B}.Debug|Any CPU.Build.0 = Debug|Any CPU
		{D8DBD7DE-CD1F-4DE9-98B8-D00CF680772B}.Release|Any CPU.ActiveCfg = Release|Any CPU
		{D8DBD7DE-CD1F-4DE9-98B8-D00CF680772B}.Release|Any CPU.Build.0 = Release|Any CPU
		{F56E5F64-05A8-43CA-A547-749673397E97}.Debug|Any CPU.ActiveCfg = Debug|Any CPU
		{F56E5F64-05A8-43CA-A547-749673397E97}.Debug|Any CPU.Build.0 = Debug|Any CPU
		{F56E5F64-05A8-43CA-A547-749673397E97}.Release|Any CPU.ActiveCfg = Release|Any CPU
		{F56E5F64-05A8-43CA-A547-749673397E97}.Release|Any CPU.Build.0 = Release|Any CPU
		{05065B54-D499-44B3-8D25-A050F1E58B4B}.Debug|Any CPU.ActiveCfg = Debug|Any CPU
		{05065B54-D499-44B3-8D25-A050F1E58B4B}.Debug|Any CPU.Build.0 = Debug|Any CPU
		{05065B54-D499-44B3-8D25-A050F1E58B4B}.Release|Any CPU.ActiveCfg = Release|Any CPU
		{05065B54-D499-44B3-8D25-A050F1E58B4B}.Release|Any CPU.Build.0 = Release|Any CPU
		{52C59ECF-BAA2-4C7C-AD1C-7AC27CB2DE45}.Debug|Any CPU.ActiveCfg = Debug|Any CPU
		{52C59ECF-BAA2-4C7C-AD1C-7AC27CB2DE45}.Debug|Any CPU.Build.0 = Debug|Any CPU
		{52C59ECF-BAA2-4C7C-AD1C-7AC27CB2DE45}.Release|Any CPU.ActiveCfg = Release|Any CPU
		{52C59ECF-BAA2-4C7C-AD1C-7AC27CB2DE45}.Release|Any CPU.Build.0 = Release|Any CPU
		{DCAE5D51-5B64-4965-BF2E-AB086F8A813C}.Debug|Any CPU.ActiveCfg = Debug|Any CPU
		{DCAE5D51-5B64-4965-BF2E-AB086F8A813C}.Debug|Any CPU.Build.0 = Debug|Any CPU
		{DCAE5D51-5B64-4965-BF2E-AB086F8A813C}.Release|Any CPU.ActiveCfg = Release|Any CPU
		{DCAE5D51-5B64-4965-BF2E-AB086F8A813C}.Release|Any CPU.Build.0 = Release|Any CPU
		{36464B8A-9239-440C-873B-13818A750218}.Debug|Any CPU.ActiveCfg = Debug|Any CPU
		{36464B8A-9239-440C-873B-13818A750218}.Debug|Any CPU.Build.0 = Debug|Any CPU
		{36464B8A-9239-440C-873B-13818A750218}.Release|Any CPU.ActiveCfg = Release|Any CPU
		{36464B8A-9239-440C-873B-13818A750218}.Release|Any CPU.Build.0 = Release|Any CPU
	EndGlobalSection
	GlobalSection(SolutionProperties) = preSolution
		HideSolutionNode = FALSE
	EndGlobalSection
	GlobalSection(ExtensibilityGlobals) = postSolution
		SolutionGuid = {D015E0F7-7D1F-41F3-8E62-B9CD95C26933}
	EndGlobalSection
EndGlobal
