
Microsoft Visual Studio Solution File, Format Version 12.00
# Visual Studio Version 16
VisualStudioVersion = 16.0.31205.134
MinimumVisualStudioVersion = 10.0.40219.1
Project("{FAE04EC0-301F-11D3-BF4B-00C04F79EFBC}") = "Employee Directory", "Employee Directory\Employee Directory.csproj", "{4C3B1ED5-D142-4F89-BFBF-43AC4D8DA7FF}"
EndProject
Global
	GlobalSection(SolutionConfigurationPlatforms) = preSolution
		Debug|Any CPU = Debug|Any CPU
		Release|Any CPU = Release|Any CPU
	EndGlobalSection
	GlobalSection(ProjectConfigurationPlatforms) = postSolution
		{4C3B1ED5-D142-4F89-BFBF-43AC4D8DA7FF}.Debug|Any CPU.ActiveCfg = Debug|Any CPU
		{4C3B1ED5-D142-4F89-BFBF-43AC4D8DA7FF}.Debug|Any CPU.Build.0 = Debug|Any CPU
		{4C3B1ED5-D142-4F89-BFBF-43AC4D8DA7FF}.Release|Any CPU.ActiveCfg = Release|Any CPU
		{4C3B1ED5-D142-4F89-BFBF-43AC4D8DA7FF}.Release|Any CPU.Build.0 = Release|Any CPU
	EndGlobalSection
	GlobalSection(SolutionProperties) = preSolution
		HideSolutionNode = FALSE
	EndGlobalSection
	GlobalSection(ExtensibilityGlobals) = postSolution
		SolutionGuid = {D015E0F7-7D1F-41F3-8E62-B9CD95C26933}
	EndGlobalSection
EndGlobal
